# This file is automatically @generated by Cargo.
# It is not intended for manual editing.
version = 4

[[package]]
name = "sekai-anvil"
version = "0.1.0"

[[package]]
name = "sekai-app"
version = "0.1.0"
dependencies = [
 "sekai-core",
 "sekai-storage",
 "sekai-world",
]

[[package]]
name = "sekai-cli"
version = "0.1.0"
dependencies = [
 "sekai-app",
]

[[package]]
name = "sekai-core"
version = "0.1.0"
dependencies = [
 "sekai-anvil",
 "sekai-nbt",
]

[[package]]
name = "sekai-nbt"
version = "0.1.0"

[[package]]
name = "sekai-storage"
version = "0.1.0"
dependencies = [
 "sekai-core",
]

[[package]]
name = "sekai-world"
version = "0.1.0"
dependencies = [
 "sekai-anvil",
 "sekai-core",
]
